{
  "requires": true,
  "lockfileVersion": 1,
  "dependencies": {
    "react-img-zoom": {
      "version": "0.1.0",
      "resolved": "https://registry.npmjs.org/react-img-zoom/-/react-img-zoom-0.1.0.tgz",
      "integrity": "sha512-TkoDAKJQWuZX3w7+8loHUH/1aT2nNdCPSz2RR8t1Ckp86mrZ728Afm5oOyc7a3bnCJsUK1suaDvXBjpvwJEnrg=="
    }
  }
}
